
Microsoft Visual Studio Solution File, Format Version 12.00
# Visual Studio Version 16
VisualStudioVersion = 16.0.30002.166
MinimumVisualStudioVersion = 10.0.40219.1
Project("{FAE04EC0-301F-11D3-BF4B-00C04F79EFBC}") = "SortParty", "SortParty\SortParty.csproj", "{3171F118-2564-4ACC-AF74-0D54D4151B6E}"
EndProject
Global
	GlobalSection(SolutionConfigurationPlatforms) = preSolution
		Debug|Any CPU = Debug|Any CPU
		Release|Any CPU = Release|Any CPU
	EndGlobalSection
	GlobalSection(ProjectConfigurationPlatforms) = postSolution
		{3171F118-2564-4ACC-AF74-0D54D4151B6E}.Debug|Any CPU.ActiveCfg = Debug|Any CPU
		{3171F118-2564-4ACC-AF74-0D54D4151B6E}.Debug|Any CPU.Build.0 = Debug|Any CPU
		{3171F118-2564-4ACC-AF74-0D54D4151B6E}.Release|Any CPU.ActiveCfg = Release|Any CPU
		{3171F118-2564-4ACC-AF74-0D54D4151B6E}.Release|Any CPU.Build.0 = Release|Any CPU
	EndGlobalSection
	GlobalSection(SolutionProperties) = preSolution
		HideSolutionNode = FALSE
	EndGlobalSection
	GlobalSection(ExtensibilityGlobals) = postSolution
		SolutionGuid = {6CA35C51-D41D-4D98-A5CC-8D350F29246B}
	EndGlobalSection
EndGlobal
